DEPENDENCIES
  apache2 (= 5.0.1)
  apt (= 6.1.4)
  aws (= 2.2.0)
  build-essential (= 8.0.4)
  chef_handler (= 1.1.6)
  compat_resource
    git: git@github.com:chef-boneyard/compat_resource.git
    revision: b965a8fba9916446df8f80f7fb5dc1d98fba2ea9
    tag: v12.16.3
  database (= 6.1.1)
  iis (= 2.1.2)
  iptables (= 0.13.2)
  logrotate (= 1.5.0)
  mariadb (= 0.1.6)
  mysql (= 8.5.1)
  mysql2_chef_gem (= 1.0.1)
  openssl (= 1.1.0)
  pacman (= 1.1.1)
  php (= 4.5.0)
  postgresql (= 3.4.0)
  rbac (= 1.0.3)
  seven_zip (= 2.0.2)
  smf (= 2.2.6)
  windows (= 1.31.0)
  xfs (= 1.1.0)
  xml (= 1.2.4)
  yum (= 3.2.0)
  yum-epel (= 0.3.6)
  yum-mysql-community (= 2.1.0)

GRAPH
  apache2 (5.0.1)
  apt (6.1.4)
  aws (2.2.0)
  build-essential (8.0.4)
    mingw (>= 1.1)
    seven_zip (>= 0.0.0)
  chef_handler (1.1.6)
  compat_resource (12.16.3)
  database (6.1.1)
    postgresql (>= 1.0.0)
  iis (2.1.2)
    windows (>= 1.2.6)
  iptables (0.13.2)
  logrotate (1.5.0)
  mariadb (0.1.6)
    apt (>= 0.0.0)
  mingw (2.0.2)
    seven_zip (>= 0.0.0)
  mysql (8.5.1)
  mysql2_chef_gem (1.0.1)
    build-essential (>= 0.0.0)
    mariadb (>= 0.0.0)
    mysql (>= 0.0.0)
  openssl (1.1.0)
  pacman (1.1.1)
  php (4.5.0)
    build-essential (>= 0.0.0)
    mysql (>= 6.0.0)
    yum-epel (>= 0.0.0)
  postgresql (3.4.0)
    apt (>= 1.9.0)
    build-essential (>= 0.0.0)
    openssl (>= 0.0.0)
  rbac (1.0.3)
  seven_zip (2.0.2)
    windows (>= 1.2.2)
  smf (2.2.6)
    rbac (>= 1.0.1)
  windows (1.31.0)
    chef_handler (>= 0.0.0)
  xfs (1.1.0)
  xml (1.2.4)
    build-essential (>= 0.0.0)
  yum (3.2.0)
  yum-epel (0.3.6)
    yum (~> 3.0)
  yum-mysql-community (2.1.0)
    compat_resource (>= 12.16.3)
